Microsoft Visual Studio Solution File, Format Version 8.00
Project("{FAE04EC0-301F-11D3-BF4B-00C04F79EFBC}") = "WinTunnel", "WinTunnel\WinTunnel.csproj", "{5D024A60-4AF9-4E2A-B244-CF11A4220928}"
	ProjectSection(ProjectDependencies) = postProject
	EndProjectSection
EndProject
Global
	GlobalSection(SolutionConfiguration) = preSolution
		Debug = Debug
		Release = Release
	EndGlobalSection
	GlobalSection(ProjectConfiguration) = postSolution
		{5D024A60-4AF9-4E2A-B244-CF11A4220928}.Debug.ActiveCfg = Debug|.NET
		{5D024A60-4AF9-4E2A-B244-CF11A4220928}.Debug.Build.0 = Debug|.NET
		{5D024A60-4AF9-4E2A-B244-CF11A4220928}.Release.ActiveCfg = Release|.NET
		{5D024A60-4AF9-4E2A-B244-CF11A4220928}.Release.Build.0 = Release|.NET
	EndGlobalSection
	GlobalSection(ExtensibilityGlobals) = postSolution
	EndGlobalSection
	GlobalSection(ExtensibilityAddIns) = postSolution
	EndGlobalSection
EndGlobal
